# THIS IS AN AUTOGENERATED FILE. DO NOT EDIT THIS FILE DIRECTLY.
# yarn lockfile v1


theme-change@^2.2.0:
  version "2.2.0"
  resolved "https://registry.yarnpkg.com/theme-change/-/theme-change-2.2.0.tgz#dcc48ffe6b806258bc5f1caf8220527589e354c0"
  integrity sha512-vvgZEEfmH3yZGq2bWHyzs2AOG1SRfNnCvWbEnPzGpdvvCmAWtOsEdg4H6k/OMapegG+LEQvQ76tQoN9B+FT7rg==
